
Microsoft Visual Studio Solution File, Format Version 12.00
# Visual Studio 15
Project("{FAE04EC0-301F-11D3-BF4B-00C04F79EFBC}") = "DanaT2", "DanaT2\DanaT2.csproj", "{86296352-9E4D-4B08-8D04-85A1E88FCB64}"
EndProject
Global
	GlobalSection(SolutionConfigurationPlatforms) = preSolution
		Debug|x86 = Debug|x86
		Release|x86 = Release|x86
	EndGlobalSection
	GlobalSection(ProjectConfigurationPlatforms) = postSolution
		{86296352-9E4D-4B08-8D04-85A1E88FCB64}.Debug|x86.ActiveCfg = Debug|x86
		{86296352-9E4D-4B08-8D04-85A1E88FCB64}.Debug|x86.Build.0 = Debug|x86
		{86296352-9E4D-4B08-8D04-85A1E88FCB64}.Release|x86.ActiveCfg = Release|x86
		{86296352-9E4D-4B08-8D04-85A1E88FCB64}.Release|x86.Build.0 = Release|x86
	EndGlobalSection
EndGlobal
